
Microsoft Visual Studio Solution File, Format Version 12.00
# Visual Studio 15
VisualStudioVersion = 15.0.28307.779
MinimumVisualStudioVersion = 10.0.40219.1
Project("{FAE04EC0-301F-11D3-BF4B-00C04F79EFBC}") = "BookApi", "BookApi\BookApi.csproj", "{7397CD44-8F07-4458-AD19-3E8BB4362B84}"
EndProject
Project("{FAE04EC0-301F-11D3-BF4B-00C04F79EFBC}") = "BookApi.Tests", "BookApi.Tests\BookApi.Tests.csproj", "{4C651E21-647C-41CA-90A5-FF8FC28936B7}"
EndProject
Global
	GlobalSection(SolutionConfigurationPlatforms) = preSolution
		Debug|Any CPU = Debug|Any CPU
		Release|Any CPU = Release|Any CPU
	EndGlobalSection
	GlobalSection(ProjectConfigurationPlatforms) = postSolution
		{7397CD44-8F07-4458-AD19-3E8BB4362B84}.Debug|Any CPU.ActiveCfg = Debug|Any CPU
		{7397CD44-8F07-4458-AD19-3E8BB4362B84}.Debug|Any CPU.Build.0 = Debug|Any CPU
		{7397CD44-8F07-4458-AD19-3E8BB4362B84}.Release|Any CPU.ActiveCfg = Release|Any CPU
		{7397CD44-8F07-4458-AD19-3E8BB4362B84}.Release|Any CPU.Build.0 = Release|Any CPU
		{4C651E21-647C-41CA-90A5-FF8FC28936B7}.Debug|Any CPU.ActiveCfg = Debug|Any CPU
		{4C651E21-647C-41CA-90A5-FF8FC28936B7}.Debug|Any CPU.Build.0 = Debug|Any CPU
		{4C651E21-647C-41CA-90A5-FF8FC28936B7}.Release|Any CPU.ActiveCfg = Release|Any CPU
		{4C651E21-647C-41CA-90A5-FF8FC28936B7}.Release|Any CPU.Build.0 = Release|Any CPU
	EndGlobalSection
	GlobalSection(SolutionProperties) = preSolution
		HideSolutionNode = FALSE
	EndGlobalSection
	GlobalSection(ExtensibilityGlobals) = postSolution
		SolutionGuid = {41FA5696-6D0A-489B-8711-91445DA0D1A2}
	EndGlobalSection
EndGlobal
